
Microsoft Visual Studio Solution File, Format Version 12.00
# Visual Studio Version 16
VisualStudioVersion = 16.0.30717.126
MinimumVisualStudioVersion = 10.0.40219.1
Project("{9A19103F-16F7-4668-BE54-9A1E7A4F7556}") = "CarGallery.Entities", "CarGallery.Entities\CarGallery.Entities.csproj", "{456000BA-C2F3-4B74-A456-C6DFD2D38E66}"
EndProject
Project("{FAE04EC0-301F-11D3-BF4B-00C04F79EFBC}") = "CarGallery.DataAccess", "CarGallery.DataAccess\CarGallery.DataAccess.csproj", "{9C12DEA2-33C7-4BBB-B032-7339E4B9BE16}"
EndProject
Project("{FAE04EC0-301F-11D3-BF4B-00C04F79EFBC}") = "CarGallery.Business", "CarGallery.Business\CarGallery.Business.csproj", "{E20FA37D-25C6-4866-9844-86A5583CC0AB}"
EndProject
Project("{FAE04EC0-301F-11D3-BF4B-00C04F79EFBC}") = "CarGallery.ConsoleApp", "CarGallery.ConsoleApp\CarGallery.ConsoleApp.csproj", "{4F486B9C-BAFD-47F3-ABC6-03BD427FDAF3}"
EndProject
Global
	GlobalSection(SolutionConfigurationPlatforms) = preSolution
		Debug|Any CPU = Debug|Any CPU
		Release|Any CPU = Release|Any CPU
	EndGlobalSection
	GlobalSection(ProjectConfigurationPlatforms) = postSolution
		{456000BA-C2F3-4B74-A456-C6DFD2D38E66}.Debug|Any CPU.ActiveCfg = Debug|Any CPU
		{456000BA-C2F3-4B74-A456-C6DFD2D38E66}.Debug|Any CPU.Build.0 = Debug|Any CPU
		{456000BA-C2F3-4B74-A456-C6DFD2D38E66}.Release|Any CPU.ActiveCfg = Release|Any CPU
		{456000BA-C2F3-4B74-A456-C6DFD2D38E66}.Release|Any CPU.Build.0 = Release|Any CPU
		{9C12DEA2-33C7-4BBB-B032-7339E4B9BE16}.Debug|Any CPU.ActiveCfg = Debug|Any CPU
		{9C12DEA2-33C7-4BBB-B032-7339E4B9BE16}.Debug|Any CPU.Build.0 = Debug|Any CPU
		{9C12DEA2-33C7-4BBB-B032-7339E4B9BE16}.Release|Any CPU.ActiveCfg = Release|Any CPU
		{9C12DEA2-33C7-4BBB-B032-7339E4B9BE16}.Release|Any CPU.Build.0 = Release|Any CPU
		{E20FA37D-25C6-4866-9844-86A5583CC0AB}.Debug|Any CPU.ActiveCfg = Debug|Any CPU
		{E20FA37D-25C6-4866-9844-86A5583CC0AB}.Debug|Any CPU.Build.0 = Debug|Any CPU
		{E20FA37D-25C6-4866-9844-86A5583CC0AB}.Release|Any CPU.ActiveCfg = Release|Any CPU
		{E20FA37D-25C6-4866-9844-86A5583CC0AB}.Release|Any CPU.Build.0 = Release|Any CPU
		{4F486B9C-BAFD-47F3-ABC6-03BD427FDAF3}.Debug|Any CPU.ActiveCfg = Debug|Any CPU
		{4F486B9C-BAFD-47F3-ABC6-03BD427FDAF3}.Debug|Any CPU.Build.0 = Debug|Any CPU
		{4F486B9C-BAFD-47F3-ABC6-03BD427FDAF3}.Release|Any CPU.ActiveCfg = Release|Any CPU
		{4F486B9C-BAFD-47F3-ABC6-03BD427FDAF3}.Release|Any CPU.Build.0 = Release|Any CPU
	EndGlobalSection
	GlobalSection(SolutionProperties) = preSolution
		HideSolutionNode = FALSE
	EndGlobalSection
	GlobalSection(ExtensibilityGlobals) = postSolution
		SolutionGuid = {862000C3-B770-4E30-893B-DDEE9F091291}
	EndGlobalSection
EndGlobal
